
Microsoft Visual Studio Solution File, Format Version 12.00
# Visual Studio Version 17
VisualStudioVersion = 17.0.31903.59
MinimumVisualStudioVersion = 10.0.40219.1
Project("{2150E333-8FDC-42A3-9474-1A3956D46DE8}") = "src", "src", "{827E0CD3-B72D-47B6-A68D-7590B98EB39B}"
EndProject
Project("{2150E333-8FDC-42A3-9474-1A3956D46DE8}") = "AppHost", "AppHost", "{63882A7C-90E5-DEE3-63BB-E6ABDBC8A365}"
EndProject
Project("{FAE04EC0-301F-11D3-BF4B-00C04F79EFBC}") = "SchoolCollab.AppHost", "src\AppHost\SchoolCollab.AppHost\SchoolCollab.AppHost.csproj", "{7B522735-69A2-485B-ABC4-F74D9C885BF4}"
EndProject
Project("{2150E333-8FDC-42A3-9474-1A3956D46DE8}") = "ServiceDefaults", "ServiceDefaults", "{5FC1494C-0D8C-79D1-FFF2-37E95F57AB9F}"
EndProject
Project("{FAE04EC0-301F-11D3-BF4B-00C04F79EFBC}") = "SchoolCollab.ServiceDefaults", "src\ServiceDefaults\SchoolCollab.ServiceDefaults\SchoolCollab.ServiceDefaults.csproj", "{B4DD4C39-2F93-477D-BB8B-A4FCEAF65A8D}"
EndProject
Project("{2150E333-8FDC-42A3-9474-1A3956D46DE8}") = "tests", "tests", "{0AB3BF05-4346-4AA6-1389-037BE0695223}"
EndProject
Project("{2150E333-8FDC-42A3-9474-1A3956D46DE8}") = "Assignments", "Assignments", "{E2B4B4AA-F2AF-4CC4-A081-0618BEB936F9}"
EndProject
Project("{FAE04EC0-301F-11D3-BF4B-00C04F79EFBC}") = "SchoolCollab.Assignments.Core", "src\Assignments\SchoolCollab.Assignments.Core\SchoolCollab.Assignments.Core.csproj", "{1E8AFA27-F2DB-45D2-9B24-F2CC940AE79F}"
EndProject
Project("{FAE04EC0-301F-11D3-BF4B-00C04F79EFBC}") = "SchoolCollab.Assignments.Contracts", "src\Assignments\SchoolCollab.Assignments.Contracts\SchoolCollab.Assignments.Contracts.csproj", "{002B8FB9-42B1-42DD-9AB3-37C581C46140}"
EndProject
Project("{FAE04EC0-301F-11D3-BF4B-00C04F79EFBC}") = "SchoolCollab.Assignments.Api", "src\Assignments\SchoolCollab.Assignments.Api\SchoolCollab.Assignments.Api.csproj", "{3FAE3537-E8D4-4AF2-9AB7-A7011610336F}"
EndProject
Project("{FAE04EC0-301F-11D3-BF4B-00C04F79EFBC}") = "SchoolCollab.Assignments.Admin", "src\Assignments\SchoolCollab.Assignments.Admin\SchoolCollab.Assignments.Admin.csproj", "{81BE88ED-7C74-468C-A5E3-688CE6C293AE}"
EndProject
Project("{FAE04EC0-301F-11D3-BF4B-00C04F79EFBC}") = "SchoolCollab.Assignments.Tests.Unit", "tests\SchoolCollab.Assignments.Tests.Unit\SchoolCollab.Assignments.Tests.Unit.csproj", "{F5184227-0698-47D9-B764-95515E403A4B}"
EndProject
Project("{FAE04EC0-301F-11D3-BF4B-00C04F79EFBC}") = "SchoolCollab.MigrationService", "src\SchoolCollab.MigrationService\SchoolCollab.MigrationService.csproj", "{C7D20B85-EDB0-4283-BF1E-AAF2E837E3BD}"
EndProject
Project("{FAE04EC0-301F-11D3-BF4B-00C04F79EFBC}") = "SchoolCollab.AI.Server", "src\SchoolCollab.AI.Server\SchoolCollab.AI.Server.csproj", "{632CD663-9202-4411-9ABA-0441A7D814D2}"
EndProject
Project("{FAE04EC0-301F-11D3-BF4B-00C04F79EFBC}") = "SchoolCollab.Admin.Shared", "src\SchoolCollab.Admin.Shared\SchoolCollab.Admin.Shared.csproj", "{C9D28393-05B5-4861-98F0-DB8913EFC701}"
EndProject
Project("{FAE04EC0-301F-11D3-BF4B-00C04F79EFBC}") = "SchoolCollab.Admin", "src\SchoolCollab.Admin\SchoolCollab.Admin.csproj", "{41AC6E7F-C6D1-4984-B60B-97CF372DCFC7}"
EndProject
Project("{2150E333-8FDC-42A3-9474-1A3956D46DE8}") = "Students", "Students", "{AEE4104D-EAD7-4C00-BFFE-AF7218885E67}"
EndProject
Project("{FAE04EC0-301F-11D3-BF4B-00C04F79EFBC}") = "SchoolCollab.Students.Core", "src\Students\SchoolCollab.Students.Core\SchoolCollab.Students.Core.csproj", "{F846ECCA-C9B8-4D25-ADF4-420A78E631DA}"
EndProject
Project("{FAE04EC0-301F-11D3-BF4B-00C04F79EFBC}") = "SchoolCollab.Students.Contracts", "src\Students\SchoolCollab.Students.Contracts\SchoolCollab.Students.Contracts.csproj", "{0B46B65F-FB41-42A0-8326-318315492414}"
EndProject
Project("{FAE04EC0-301F-11D3-BF4B-00C04F79EFBC}") = "SchoolCollab.Students.Api", "src\Students\SchoolCollab.Students.Api\SchoolCollab.Students.Api.csproj", "{4FFE8189-CFE9-4E87-A166-9AA787354D2D}"
EndProject
Project("{FAE04EC0-301F-11D3-BF4B-00C04F79EFBC}") = "SchoolCollab.Students.Admin", "src\Students\SchoolCollab.Students.Admin\SchoolCollab.Students.Admin.csproj", "{1268FE67-AAD4-4E82-A04F-E8A962BA44B7}"
EndProject
Project("{FAE04EC0-301F-11D3-BF4B-00C04F79EFBC}") = "SchoolCollab.Students.Worker", "src\Students\SchoolCollab.Students.Worker\SchoolCollab.Students.Worker.csproj", "{A1F5EDA0-2D33-4245-B8CA-8226593C5492}"
EndProject
Project("{FAE04EC0-301F-11D3-BF4B-00C04F79EFBC}") = "SchoolCollab.Students.Tests.Unit", "tests\SchoolCollab.Students.Tests.Unit\SchoolCollab.Students.Tests.Unit.csproj", "{2C2463B1-45EA-4565-B17F-4A74705E3495}"
EndProject
Project("{FAE04EC0-301F-11D3-BF4B-00C04F79EFBC}") = "SchoolCollab.Core.Tests.Unit", "tests\SchoolCollab.Core.Tests.Unit\SchoolCollab.Core.Tests.Unit.csproj", "{05A04314-2DE0-4ED9-BA21-413C4BFF1A1B}"
EndProject
Project("{FAE04EC0-301F-11D3-BF4B-00C04F79EFBC}") = "SchoolCollab.Core", "src\SchoolCollab.Core\SchoolCollab.Core.csproj", "{6DD0327C-4FB1-40A3-A5B1-51E53BFCA6CD}"
EndProject
Project("{FAE04EC0-301F-11D3-BF4B-00C04F79EFBC}") = "SchoolCollab.Admin.Tests.Unit", "tests\SchoolCollab.Admin.Tests.Unit\SchoolCollab.Admin.Tests.Unit.csproj", "{433A9346-7F00-4B87-8459-5AE8A4E7BD26}"
EndProject
Project("{FAE04EC0-301F-11D3-BF4B-00C04F79EFBC}") = "SchoolCollab.Assignments.Api.Tests.Unit", "tests\SchoolCollab.Assignments.Api.Tests.Unit\SchoolCollab.Assignments.Api.Tests.Unit.csproj", "{25F9D279-FDC7-44FE-BE0F-0227B741594D}"
EndProject
Project("{FAE04EC0-301F-11D3-BF4B-00C04F79EFBC}") = "SchoolCollab.Students.Api.Tests.Unit", "tests\SchoolCollab.Students.Api.Tests.Unit\SchoolCollab.Students.Api.Tests.Unit.csproj", "{652A025C-EF04-4C28-BF6A-E600C49B2C50}"
EndProject
Project("{FAE04EC0-301F-11D3-BF4B-00C04F79EFBC}") = "SchoolCollab.ArchitectureTests.Unit", "tests\SchoolCollab.ArchitectureTests.Unit\SchoolCollab.ArchitectureTests.Unit.csproj", "{361F8AC2-31BA-4130-A09E-B4E87BD43BB2}"
EndProject
Project("{2150E333-8FDC-42A3-9474-1A3956D46DE8}") = "Settings", "Settings", "{5FC26B94-2429-129A-E862-9F33E5158ED9}"
EndProject
Project("{FAE04EC0-301F-11D3-BF4B-00C04F79EFBC}") = "SchoolCollab.Settings.Api", "src\Settings\SchoolCollab.Settings.Api\SchoolCollab.Settings.Api.csproj", "{A436CECA-2DA3-467A-83D1-0A8DBC0FD50E}"
EndProject
Project("{FAE04EC0-301F-11D3-BF4B-00C04F79EFBC}") = "SchoolCollab.Settings.Core", "src\Settings\SchoolCollab.Settings.Core\SchoolCollab.Settings.Core.csproj", "{0F57D766-48ED-4D50-9341-7A377613610C}"
EndProject
Project("{FAE04EC0-301F-11D3-BF4B-00C04F79EFBC}") = "SchoolCollab.Settings.Contracts", "src\Settings\SchoolCollab.Settings.Contracts\SchoolCollab.Settings.Contracts.csproj", "{84D24C6D-8BA8-46F2-BA20-91DF9A5CEB8E}"
EndProject
Project("{FAE04EC0-301F-11D3-BF4B-00C04F79EFBC}") = "SchoolCollab.Settings.Admin", "src\Settings\SchoolCollab.Settings.Admin\SchoolCollab.Settings.Admin.csproj", "{7F2BA527-5658-4128-876E-46FCE245CD40}"
EndProject
Project("{FAE04EC0-301F-11D3-BF4B-00C04F79EFBC}") = "SchoolCollab.Settings.Tests.Unit", "tests\SchoolCollab.Settings.Tests.Unit\SchoolCollab.Settings.Tests.Unit.csproj", "{0184E240-0564-4727-90B1-2B19958DCE4B}"
EndProject
Project("{FAE04EC0-301F-11D3-BF4B-00C04F79EFBC}") = "SchoolCollab.Settings.Tests.Integration", "tests\SchoolCollab.Settings.Tests.Integration\SchoolCollab.Settings.Tests.Integration.csproj", "{CE872041-B5D7-4B78-B31B-1C81D7A1F7CC}"
EndProject
Project("{FAE04EC0-301F-11D3-BF4B-00C04F79EFBC}") = "SchoolCollab.Settings.Tests.Playwright", "tests\SchoolCollab.Settings.Tests.Playwright\SchoolCollab.Settings.Tests.Playwright.csproj", "{590008CA-C734-4498-8DA1-E23A63C77412}"
EndProject
Project("{FAE04EC0-301F-11D3-BF4B-00C04F79EFBC}") = "SchoolCollab.Settings.Api.Tests.Unit", "tests\SchoolCollab.Settings.Api.Tests.Unit\SchoolCollab.Settings.Api.Tests.Unit.csproj", "{26C9BA28-9F4A-4B8B-B6BB-A347B82EAE0E}"
EndProject
Project("{FAE04EC0-301F-11D3-BF4B-00C04F79EFBC}") = "SchoolCollab.AI.Abstractions", "src\SchoolCollab.AI.Abstractions\SchoolCollab.AI.Abstractions.csproj", "{861F172E-B3C9-4450-9E5A-73B6367BB527}"
EndProject
Project("{FAE04EC0-301F-11D3-BF4B-00C04F79EFBC}") = "SchoolCollab.AI.Chat", "src\SchoolCollab.AI.Chat\SchoolCollab.AI.Chat.csproj", "{416605D5-7B81-4E71-9E8A-6466B1F4E318}"
EndProject
Project("{FAE04EC0-301F-11D3-BF4B-00C04F79EFBC}") = "SchoolCollab.AI.Tools.CodedValues", "src\SchoolCollab.AI.Tools.CodedValues\SchoolCollab.AI.Tools.CodedValues.csproj", "{F9D61C81-3F26-4C34-BCE3-6FF6110E1968}"
EndProject
Global
	GlobalSection(SolutionConfigurationPlatforms) = preSolution
		Debug|Any CPU = Debug|Any CPU
		Debug|x64 = Debug|x64
		Debug|x86 = Debug|x86
		Release|Any CPU = Release|Any CPU
		Release|x64 = Release|x64
		Release|x86 = Release|x86
	EndGlobalSection
	GlobalSection(ProjectConfigurationPlatforms) = postSolution
		{7B522735-69A2-485B-ABC4-F74D9C885BF4}.Debug|Any CPU.ActiveCfg = Debug|Any CPU
		{7B522735-69A2-485B-ABC4-F74D9C885BF4}.Debug|Any CPU.Build.0 = Debug|Any CPU
		{7B522735-69A2-485B-ABC4-F74D9C885BF4}.Debug|x64.ActiveCfg = Debug|Any CPU
		{7B522735-69A2-485B-ABC4-F74D9C885BF4}.Debug|x64.Build.0 = Debug|Any CPU
		{7B522735-69A2-485B-ABC4-F74D9C885BF4}.Debug|x86.ActiveCfg = Debug|Any CPU
		{7B522735-69A2-485B-ABC4-F74D9C885BF4}.Debug|x86.Build.0 = Debug|Any CPU
		{7B522735-69A2-485B-ABC4-F74D9C885BF4}.Release|Any CPU.ActiveCfg = Release|Any CPU
		{7B522735-69A2-485B-ABC4-F74D9C885BF4}.Release|Any CPU.Build.0 = Release|Any CPU
		{7B522735-69A2-485B-ABC4-F74D9C885BF4}.Release|x64.ActiveCfg = Release|Any CPU
		{7B522735-69A2-485B-ABC4-F74D9C885BF4}.Release|x64.Build.0 = Release|Any CPU
		{7B522735-69A2-485B-ABC4-F74D9C885BF4}.Release|x86.ActiveCfg = Release|Any CPU
		{7B522735-69A2-485B-ABC4-F74D9C885BF4}.Release|x86.Build.0 = Release|Any CPU
		{B4DD4C39-2F93-477D-BB8B-A4FCEAF65A8D}.Debug|Any CPU.ActiveCfg = Debug|Any CPU
		{B4DD4C39-2F93-477D-BB8B-A4FCEAF65A8D}.Debug|Any CPU.Build.0 = Debug|Any CPU
		{B4DD4C39-2F93-477D-BB8B-A4FCEAF65A8D}.Debug|x64.ActiveCfg = Debug|Any CPU
		{B4DD4C39-2F93-477D-BB8B-A4FCEAF65A8D}.Debug|x64.Build.0 = Debug|Any CPU
		{B4DD4C39-2F93-477D-BB8B-A4FCEAF65A8D}.Debug|x86.ActiveCfg = Debug|Any CPU
		{B4DD4C39-2F93-477D-BB8B-A4FCEAF65A8D}.Debug|x86.Build.0 = Debug|Any CPU
		{B4DD4C39-2F93-477D-BB8B-A4FCEAF65A8D}.Release|Any CPU.ActiveCfg = Release|Any CPU
		{B4DD4C39-2F93-477D-BB8B-A4FCEAF65A8D}.Release|Any CPU.Build.0 = Release|Any CPU
		{B4DD4C39-2F93-477D-BB8B-A4FCEAF65A8D}.Release|x64.ActiveCfg = Release|Any CPU
		{B4DD4C39-2F93-477D-BB8B-A4FCEAF65A8D}.Release|x64.Build.0 = Release|Any CPU
		{B4DD4C39-2F93-477D-BB8B-A4FCEAF65A8D}.Release|x86.ActiveCfg = Release|Any CPU
		{B4DD4C39-2F93-477D-BB8B-A4FCEAF65A8D}.Release|x86.Build.0 = Release|Any CPU
		{1E8AFA27-F2DB-45D2-9B24-F2CC940AE79F}.Debug|Any CPU.ActiveCfg = Debug|Any CPU
		{1E8AFA27-F2DB-45D2-9B24-F2CC940AE79F}.Debug|Any CPU.Build.0 = Debug|Any CPU
		{1E8AFA27-F2DB-45D2-9B24-F2CC940AE79F}.Debug|x64.ActiveCfg = Debug|Any CPU
		{1E8AFA27-F2DB-45D2-9B24-F2CC940AE79F}.Debug|x64.Build.0 = Debug|Any CPU
		{1E8AFA27-F2DB-45D2-9B24-F2CC940AE79F}.Debug|x86.ActiveCfg = Debug|Any CPU
		{1E8AFA27-F2DB-45D2-9B24-F2CC940AE79F}.Debug|x86.Build.0 = Debug|Any CPU
		{1E8AFA27-F2DB-45D2-9B24-F2CC940AE79F}.Release|Any CPU.ActiveCfg = Release|Any CPU
		{1E8AFA27-F2DB-45D2-9B24-F2CC940AE79F}.Release|Any CPU.Build.0 = Release|Any CPU
		{1E8AFA27-F2DB-45D2-9B24-F2CC940AE79F}.Release|x64.ActiveCfg = Release|Any CPU
		{1E8AFA27-F2DB-45D2-9B24-F2CC940AE79F}.Release|x64.Build.0 = Release|Any CPU
		{1E8AFA27-F2DB-45D2-9B24-F2CC940AE79F}.Release|x86.ActiveCfg = Release|Any CPU
		{1E8AFA27-F2DB-45D2-9B24-F2CC940AE79F}.Release|x86.Build.0 = Release|Any CPU
		{002B8FB9-42B1-42DD-9AB3-37C581C46140}.Debug|Any CPU.ActiveCfg = Debug|Any CPU
		{002B8FB9-42B1-42DD-9AB3-37C581C46140}.Debug|Any CPU.Build.0 = Debug|Any CPU
		{002B8FB9-42B1-42DD-9AB3-37C581C46140}.Debug|x64.ActiveCfg = Debug|Any CPU
		{002B8FB9-42B1-42DD-9AB3-37C581C46140}.Debug|x64.Build.0 = Debug|Any CPU
		{002B8FB9-42B1-42DD-9AB3-37C581C46140}.Debug|x86.ActiveCfg = Debug|Any CPU
		{002B8FB9-42B1-42DD-9AB3-37C581C46140}.Debug|x86.Build.0 = Debug|Any CPU
		{002B8FB9-42B1-42DD-9AB3-37C581C46140}.Release|Any CPU.ActiveCfg = Release|Any CPU
		{002B8FB9-42B1-42DD-9AB3-37C581C46140}.Release|Any CPU.Build.0 = Release|Any CPU
		{002B8FB9-42B1-42DD-9AB3-37C581C46140}.Release|x64.ActiveCfg = Release|Any CPU
		{002B8FB9-42B1-42DD-9AB3-37C581C46140}.Release|x64.Build.0 = Release|Any CPU
		{002B8FB9-42B1-42DD-9AB3-37C581C46140}.Release|x86.ActiveCfg = Release|Any CPU
		{002B8FB9-42B1-42DD-9AB3-37C581C46140}.Release|x86.Build.0 = Release|Any CPU
		{3FAE3537-E8D4-4AF2-9AB7-A7011610336F}.Debug|Any CPU.ActiveCfg = Debug|Any CPU
		{3FAE3537-E8D4-4AF2-9AB7-A7011610336F}.Debug|Any CPU.Build.0 = Debug|Any CPU
		{3FAE3537-E8D4-4AF2-9AB7-A7011610336F}.Debug|x64.ActiveCfg = Debug|Any CPU
		{3FAE3537-E8D4-4AF2-9AB7-A7011610336F}.Debug|x64.Build.0 = Debug|Any CPU
		{3FAE3537-E8D4-4AF2-9AB7-A7011610336F}.Debug|x86.ActiveCfg = Debug|Any CPU
		{3FAE3537-E8D4-4AF2-9AB7-A7011610336F}.Debug|x86.Build.0 = Debug|Any CPU
		{3FAE3537-E8D4-4AF2-9AB7-A7011610336F}.Release|Any CPU.ActiveCfg = Release|Any CPU
		{3FAE3537-E8D4-4AF2-9AB7-A7011610336F}.Release|Any CPU.Build.0 = Release|Any CPU
		{3FAE3537-E8D4-4AF2-9AB7-A7011610336F}.Release|x64.ActiveCfg = Release|Any CPU
		{3FAE3537-E8D4-4AF2-9AB7-A7011610336F}.Release|x64.Build.0 = Release|Any CPU
		{3FAE3537-E8D4-4AF2-9AB7-A7011610336F}.Release|x86.ActiveCfg = Release|Any CPU
		{3FAE3537-E8D4-4AF2-9AB7-A7011610336F}.Release|x86.Build.0 = Release|Any CPU
		{81BE88ED-7C74-468C-A5E3-688CE6C293AE}.Debug|Any CPU.ActiveCfg = Debug|Any CPU
		{81BE88ED-7C74-468C-A5E3-688CE6C293AE}.Debug|Any CPU.Build.0 = Debug|Any CPU
		{81BE88ED-7C74-468C-A5E3-688CE6C293AE}.Debug|x64.ActiveCfg = Debug|Any CPU
		{81BE88ED-7C74-468C-A5E3-688CE6C293AE}.Debug|x64.Build.0 = Debug|Any CPU
		{81BE88ED-7C74-468C-A5E3-688CE6C293AE}.Debug|x86.ActiveCfg = Debug|Any CPU
		{81BE88ED-7C74-468C-A5E3-688CE6C293AE}.Debug|x86.Build.0 = Debug|Any CPU
		{81BE88ED-7C74-468C-A5E3-688CE6C293AE}.Release|Any CPU.ActiveCfg = Release|Any CPU
		{81BE88ED-7C74-468C-A5E3-688CE6C293AE}.Release|Any CPU.Build.0 = Release|Any CPU
		{81BE88ED-7C74-468C-A5E3-688CE6C293AE}.Release|x64.ActiveCfg = Release|Any CPU
		{81BE88ED-7C74-468C-A5E3-688CE6C293AE}.Release|x64.Build.0 = Release|Any CPU
		{81BE88ED-7C74-468C-A5E3-688CE6C293AE}.Release|x86.ActiveCfg = Release|Any CPU
		{81BE88ED-7C74-468C-A5E3-688CE6C293AE}.Release|x86.Build.0 = Release|Any CPU
		{F5184227-0698-47D9-B764-95515E403A4B}.Debug|Any CPU.ActiveCfg = Debug|Any CPU
		{F5184227-0698-47D9-B764-95515E403A4B}.Debug|Any CPU.Build.0 = Debug|Any CPU
		{F5184227-0698-47D9-B764-95515E403A4B}.Debug|x64.ActiveCfg = Debug|Any CPU
		{F5184227-0698-47D9-B764-95515E403A4B}.Debug|x64.Build.0 = Debug|Any CPU
		{F5184227-0698-47D9-B764-95515E403A4B}.Debug|x86.ActiveCfg = Debug|Any CPU
		{F5184227-0698-47D9-B764-95515E403A4B}.Debug|x86.Build.0 = Debug|Any CPU
		{F5184227-0698-47D9-B764-95515E403A4B}.Release|Any CPU.ActiveCfg = Release|Any CPU
		{F5184227-0698-47D9-B764-95515E403A4B}.Release|Any CPU.Build.0 = Release|Any CPU
		{F5184227-0698-47D9-B764-95515E403A4B}.Release|x64.ActiveCfg = Release|Any CPU
		{F5184227-0698-47D9-B764-95515E403A4B}.Release|x64.Build.0 = Release|Any CPU
		{F5184227-0698-47D9-B764-95515E403A4B}.Release|x86.ActiveCfg = Release|Any CPU
		{F5184227-0698-47D9-B764-95515E403A4B}.Release|x86.Build.0 = Release|Any CPU
		{C7D20B85-EDB0-4283-BF1E-AAF2E837E3BD}.Debug|Any CPU.ActiveCfg = Debug|Any CPU
		{C7D20B85-EDB0-4283-BF1E-AAF2E837E3BD}.Debug|Any CPU.Build.0 = Debug|Any CPU
		{C7D20B85-EDB0-4283-BF1E-AAF2E837E3BD}.Debug|x64.ActiveCfg = Debug|Any CPU
		{C7D20B85-EDB0-4283-BF1E-AAF2E837E3BD}.Debug|x64.Build.0 = Debug|Any CPU
		{C7D20B85-EDB0-4283-BF1E-AAF2E837E3BD}.Debug|x86.ActiveCfg = Debug|Any CPU
		{C7D20B85-EDB0-4283-BF1E-AAF2E837E3BD}.Debug|x86.Build.0 = Debug|Any CPU
		{C7D20B85-EDB0-4283-BF1E-AAF2E837E3BD}.Release|Any CPU.ActiveCfg = Release|Any CPU
		{C7D20B85-EDB0-4283-BF1E-AAF2E837E3BD}.Release|Any CPU.Build.0 = Release|Any CPU
		{C7D20B85-EDB0-4283-BF1E-AAF2E837E3BD}.Release|x64.ActiveCfg = Release|Any CPU
		{C7D20B85-EDB0-4283-BF1E-AAF2E837E3BD}.Release|x64.Build.0 = Release|Any CPU
		{C7D20B85-EDB0-4283-BF1E-AAF2E837E3BD}.Release|x86.ActiveCfg = Release|Any CPU
		{C7D20B85-EDB0-4283-BF1E-AAF2E837E3BD}.Release|x86.Build.0 = Release|Any CPU
		{632CD663-9202-4411-9ABA-0441A7D814D2}.Debug|Any CPU.ActiveCfg = Debug|Any CPU
		{632CD663-9202-4411-9ABA-0441A7D814D2}.Debug|Any CPU.Build.0 = Debug|Any CPU
		{632CD663-9202-4411-9ABA-0441A7D814D2}.Debug|x64.ActiveCfg = Debug|Any CPU
		{632CD663-9202-4411-9ABA-0441A7D814D2}.Debug|x64.Build.0 = Debug|Any CPU
		{632CD663-9202-4411-9ABA-0441A7D814D2}.Debug|x86.ActiveCfg = Debug|Any CPU
		{632CD663-9202-4411-9ABA-0441A7D814D2}.Debug|x86.Build.0 = Debug|Any CPU
		{632CD663-9202-4411-9ABA-0441A7D814D2}.Release|Any CPU.ActiveCfg = Release|Any CPU
		{632CD663-9202-4411-9ABA-0441A7D814D2}.Release|Any CPU.Build.0 = Release|Any CPU
		{632CD663-9202-4411-9ABA-0441A7D814D2}.Release|x64.ActiveCfg = Release|Any CPU
		{632CD663-9202-4411-9ABA-0441A7D814D2}.Release|x64.Build.0 = Release|Any CPU
		{632CD663-9202-4411-9ABA-0441A7D814D2}.Release|x86.ActiveCfg = Release|Any CPU
		{632CD663-9202-4411-9ABA-0441A7D814D2}.Release|x86.Build.0 = Release|Any CPU
		{C9D28393-05B5-4861-98F0-DB8913EFC701}.Debug|Any CPU.ActiveCfg = Debug|Any CPU
		{C9D28393-05B5-4861-98F0-DB8913EFC701}.Debug|Any CPU.Build.0 = Debug|Any CPU
		{C9D28393-05B5-4861-98F0-DB8913EFC701}.Debug|x64.ActiveCfg = Debug|Any CPU
		{C9D28393-05B5-4861-98F0-DB8913EFC701}.Debug|x64.Build.0 = Debug|Any CPU
		{C9D28393-05B5-4861-98F0-DB8913EFC701}.Debug|x86.ActiveCfg = Debug|Any CPU
		{C9D28393-05B5-4861-98F0-DB8913EFC701}.Debug|x86.Build.0 = Debug|Any CPU
		{C9D28393-05B5-4861-98F0-DB8913EFC701}.Release|Any CPU.ActiveCfg = Release|Any CPU
		{C9D28393-05B5-4861-98F0-DB8913EFC701}.Release|Any CPU.Build.0 = Release|Any CPU
		{C9D28393-05B5-4861-98F0-DB8913EFC701}.Release|x64.ActiveCfg = Release|Any CPU
		{C9D28393-05B5-4861-98F0-DB8913EFC701}.Release|x64.Build.0 = Release|Any CPU
		{C9D28393-05B5-4861-98F0-DB8913EFC701}.Release|x86.ActiveCfg = Release|Any CPU
		{C9D28393-05B5-4861-98F0-DB8913EFC701}.Release|x86.Build.0 = Release|Any CPU
		{41AC6E7F-C6D1-4984-B60B-97CF372DCFC7}.Debug|Any CPU.ActiveCfg = Debug|Any CPU
		{41AC6E7F-C6D1-4984-B60B-97CF372DCFC7}.Debug|Any CPU.Build.0 = Debug|Any CPU
		{41AC6E7F-C6D1-4984-B60B-97CF372DCFC7}.Debug|x64.ActiveCfg = Debug|Any CPU
		{41AC6E7F-C6D1-4984-B60B-97CF372DCFC7}.Debug|x64.Build.0 = Debug|Any CPU
		{41AC6E7F-C6D1-4984-B60B-97CF372DCFC7}.Debug|x86.ActiveCfg = Debug|Any CPU
		{41AC6E7F-C6D1-4984-B60B-97CF372DCFC7}.Debug|x86.Build.0 = Debug|Any CPU
		{41AC6E7F-C6D1-4984-B60B-97CF372DCFC7}.Release|Any CPU.ActiveCfg = Release|Any CPU
		{41AC6E7F-C6D1-4984-B60B-97CF372DCFC7}.Release|Any CPU.Build.0 = Release|Any CPU
		{41AC6E7F-C6D1-4984-B60B-97CF372DCFC7}.Release|x64.ActiveCfg = Release|Any CPU
		{41AC6E7F-C6D1-4984-B60B-97CF372DCFC7}.Release|x64.Build.0 = Release|Any CPU
		{41AC6E7F-C6D1-4984-B60B-97CF372DCFC7}.Release|x86.ActiveCfg = Release|Any CPU
		{41AC6E7F-C6D1-4984-B60B-97CF372DCFC7}.Release|x86.Build.0 = Release|Any CPU
		{F846ECCA-C9B8-4D25-ADF4-420A78E631DA}.Debug|Any CPU.ActiveCfg = Debug|Any CPU
		{F846ECCA-C9B8-4D25-ADF4-420A78E631DA}.Debug|Any CPU.Build.0 = Debug|Any CPU
		{F846ECCA-C9B8-4D25-ADF4-420A78E631DA}.Debug|x64.ActiveCfg = Debug|Any CPU
		{F846ECCA-C9B8-4D25-ADF4-420A78E631DA}.Debug|x64.Build.0 = Debug|Any CPU
		{F846ECCA-C9B8-4D25-ADF4-420A78E631DA}.Debug|x86.ActiveCfg = Debug|Any CPU
		{F846ECCA-C9B8-4D25-ADF4-420A78E631DA}.Debug|x86.Build.0 = Debug|Any CPU
		{F846ECCA-C9B8-4D25-ADF4-420A78E631DA}.Release|Any CPU.ActiveCfg = Release|Any CPU
		{F846ECCA-C9B8-4D25-ADF4-420A78E631DA}.Release|Any CPU.Build.0 = Release|Any CPU
		{F846ECCA-C9B8-4D25-ADF4-420A78E631DA}.Release|x64.ActiveCfg = Release|Any CPU
		{F846ECCA-C9B8-4D25-ADF4-420A78E631DA}.Release|x64.Build.0 = Release|Any CPU
		{F846ECCA-C9B8-4D25-ADF4-420A78E631DA}.Release|x86.ActiveCfg = Release|Any CPU
		{F846ECCA-C9B8-4D25-ADF4-420A78E631DA}.Release|x86.Build.0 = Release|Any CPU
		{0B46B65F-FB41-42A0-8326-318315492414}.Debug|Any CPU.ActiveCfg = Debug|Any CPU
		{0B46B65F-FB41-42A0-8326-318315492414}.Debug|Any CPU.Build.0 = Debug|Any CPU
		{0B46B65F-FB41-42A0-8326-318315492414}.Debug|x64.ActiveCfg = Debug|Any CPU
		{0B46B65F-FB41-42A0-8326-318315492414}.Debug|x64.Build.0 = Debug|Any CPU
		{0B46B65F-FB41-42A0-8326-318315492414}.Debug|x86.ActiveCfg = Debug|Any CPU
		{0B46B65F-FB41-42A0-8326-318315492414}.Debug|x86.Build.0 = Debug|Any CPU
		{0B46B65F-FB41-42A0-8326-318315492414}.Release|Any CPU.ActiveCfg = Release|Any CPU
		{0B46B65F-FB41-42A0-8326-318315492414}.Release|Any CPU.Build.0 = Release|Any CPU
		{0B46B65F-FB41-42A0-8326-318315492414}.Release|x64.ActiveCfg = Release|Any CPU
		{0B46B65F-FB41-42A0-8326-318315492414}.Release|x64.Build.0 = Release|Any CPU
		{0B46B65F-FB41-42A0-8326-318315492414}.Release|x86.ActiveCfg = Release|Any CPU
		{0B46B65F-FB41-42A0-8326-318315492414}.Release|x86.Build.0 = Release|Any CPU
		{4FFE8189-CFE9-4E87-A166-9AA787354D2D}.Debug|Any CPU.ActiveCfg = Debug|Any CPU
		{4FFE8189-CFE9-4E87-A166-9AA787354D2D}.Debug|Any CPU.Build.0 = Debug|Any CPU
		{4FFE8189-CFE9-4E87-A166-9AA787354D2D}.Debug|x64.ActiveCfg = Debug|Any CPU
		{4FFE8189-CFE9-4E87-A166-9AA787354D2D}.Debug|x64.Build.0 = Debug|Any CPU
		{4FFE8189-CFE9-4E87-A166-9AA787354D2D}.Debug|x86.ActiveCfg = Debug|Any CPU
		{4FFE8189-CFE9-4E87-A166-9AA787354D2D}.Debug|x86.Build.0 = Debug|Any CPU
		{4FFE8189-CFE9-4E87-A166-9AA787354D2D}.Release|Any CPU.ActiveCfg = Release|Any CPU
		{4FFE8189-CFE9-4E87-A166-9AA787354D2D}.Release|Any CPU.Build.0 = Release|Any CPU
		{4FFE8189-CFE9-4E87-A166-9AA787354D2D}.Release|x64.ActiveCfg = Release|Any CPU
		{4FFE8189-CFE9-4E87-A166-9AA787354D2D}.Release|x64.Build.0 = Release|Any CPU
		{4FFE8189-CFE9-4E87-A166-9AA787354D2D}.Release|x86.ActiveCfg = Release|Any CPU
		{4FFE8189-CFE9-4E87-A166-9AA787354D2D}.Release|x86.Build.0 = Release|Any CPU
		{1268FE67-AAD4-4E82-A04F-E8A962BA44B7}.Debug|Any CPU.ActiveCfg = Debug|Any CPU
		{1268FE67-AAD4-4E82-A04F-E8A962BA44B7}.Debug|Any CPU.Build.0 = Debug|Any CPU
		{1268FE67-AAD4-4E82-A04F-E8A962BA44B7}.Debug|x64.ActiveCfg = Debug|Any CPU
		{1268FE67-AAD4-4E82-A04F-E8A962BA44B7}.Debug|x64.Build.0 = Debug|Any CPU
		{1268FE67-AAD4-4E82-A04F-E8A962BA44B7}.Debug|x86.ActiveCfg = Debug|Any CPU
		{1268FE67-AAD4-4E82-A04F-E8A962BA44B7}.Debug|x86.Build.0 = Debug|Any CPU
		{1268FE67-AAD4-4E82-A04F-E8A962BA44B7}.Release|Any CPU.ActiveCfg = Release|Any CPU
		{1268FE67-AAD4-4E82-A04F-E8A962BA44B7}.Release|Any CPU.Build.0 = Release|Any CPU
		{1268FE67-AAD4-4E82-A04F-E8A962BA44B7}.Release|x64.ActiveCfg = Release|Any CPU
		{1268FE67-AAD4-4E82-A04F-E8A962BA44B7}.Release|x64.Build.0 = Release|Any CPU
		{1268FE67-AAD4-4E82-A04F-E8A962BA44B7}.Release|x86.ActiveCfg = Release|Any CPU
		{1268FE67-AAD4-4E82-A04F-E8A962BA44B7}.Release|x86.Build.0 = Release|Any CPU
		{A1F5EDA0-2D33-4245-B8CA-8226593C5492}.Debug|Any CPU.ActiveCfg = Debug|Any CPU
		{A1F5EDA0-2D33-4245-B8CA-8226593C5492}.Debug|Any CPU.Build.0 = Debug|Any CPU
		{A1F5EDA0-2D33-4245-B8CA-8226593C5492}.Debug|x64.ActiveCfg = Debug|Any CPU
		{A1F5EDA0-2D33-4245-B8CA-8226593C5492}.Debug|x64.Build.0 = Debug|Any CPU
		{A1F5EDA0-2D33-4245-B8CA-8226593C5492}.Debug|x86.ActiveCfg = Debug|Any CPU
		{A1F5EDA0-2D33-4245-B8CA-8226593C5492}.Debug|x86.Build.0 = Debug|Any CPU
		{A1F5EDA0-2D33-4245-B8CA-8226593C5492}.Release|Any CPU.ActiveCfg = Release|Any CPU
		{A1F5EDA0-2D33-4245-B8CA-8226593C5492}.Release|Any CPU.Build.0 = Release|Any CPU
		{A1F5EDA0-2D33-4245-B8CA-8226593C5492}.Release|x64.ActiveCfg = Release|Any CPU
		{A1F5EDA0-2D33-4245-B8CA-8226593C5492}.Release|x64.Build.0 = Release|Any CPU
		{A1F5EDA0-2D33-4245-B8CA-8226593C5492}.Release|x86.ActiveCfg = Release|Any CPU
		{A1F5EDA0-2D33-4245-B8CA-8226593C5492}.Release|x86.Build.0 = Release|Any CPU
		{2C2463B1-45EA-4565-B17F-4A74705E3495}.Debug|Any CPU.ActiveCfg = Debug|Any CPU
		{2C2463B1-45EA-4565-B17F-4A74705E3495}.Debug|Any CPU.Build.0 = Debug|Any CPU
		{2C2463B1-45EA-4565-B17F-4A74705E3495}.Debug|x64.ActiveCfg = Debug|Any CPU
		{2C2463B1-45EA-4565-B17F-4A74705E3495}.Debug|x64.Build.0 = Debug|Any CPU
		{2C2463B1-45EA-4565-B17F-4A74705E3495}.Debug|x86.ActiveCfg = Debug|Any CPU
		{2C2463B1-45EA-4565-B17F-4A74705E3495}.Debug|x86.Build.0 = Debug|Any CPU
		{2C2463B1-45EA-4565-B17F-4A74705E3495}.Release|Any CPU.ActiveCfg = Release|Any CPU
		{2C2463B1-45EA-4565-B17F-4A74705E3495}.Release|Any CPU.Build.0 = Release|Any CPU
		{2C2463B1-45EA-4565-B17F-4A74705E3495}.Release|x64.ActiveCfg = Release|Any CPU
		{2C2463B1-45EA-4565-B17F-4A74705E3495}.Release|x64.Build.0 = Release|Any CPU
		{2C2463B1-45EA-4565-B17F-4A74705E3495}.Release|x86.ActiveCfg = Release|Any CPU
		{2C2463B1-45EA-4565-B17F-4A74705E3495}.Release|x86.Build.0 = Release|Any CPU
		{05A04314-2DE0-4ED9-BA21-413C4BFF1A1B}.Debug|Any CPU.ActiveCfg = Debug|Any CPU
		{05A04314-2DE0-4ED9-BA21-413C4BFF1A1B}.Debug|Any CPU.Build.0 = Debug|Any CPU
		{05A04314-2DE0-4ED9-BA21-413C4BFF1A1B}.Debug|x64.ActiveCfg = Debug|Any CPU
		{05A04314-2DE0-4ED9-BA21-413C4BFF1A1B}.Debug|x64.Build.0 = Debug|Any CPU
		{05A04314-2DE0-4ED9-BA21-413C4BFF1A1B}.Debug|x86.ActiveCfg = Debug|Any CPU
		{05A04314-2DE0-4ED9-BA21-413C4BFF1A1B}.Debug|x86.Build.0 = Debug|Any CPU
		{05A04314-2DE0-4ED9-BA21-413C4BFF1A1B}.Release|Any CPU.ActiveCfg = Release|Any CPU
		{05A04314-2DE0-4ED9-BA21-413C4BFF1A1B}.Release|Any CPU.Build.0 = Release|Any CPU
		{05A04314-2DE0-4ED9-BA21-413C4BFF1A1B}.Release|x64.ActiveCfg = Release|Any CPU
		{05A04314-2DE0-4ED9-BA21-413C4BFF1A1B}.Release|x64.Build.0 = Release|Any CPU
		{05A04314-2DE0-4ED9-BA21-413C4BFF1A1B}.Release|x86.ActiveCfg = Release|Any CPU
		{05A04314-2DE0-4ED9-BA21-413C4BFF1A1B}.Release|x86.Build.0 = Release|Any CPU
		{6DD0327C-4FB1-40A3-A5B1-51E53BFCA6CD}.Debug|Any CPU.ActiveCfg = Debug|Any CPU
		{6DD0327C-4FB1-40A3-A5B1-51E53BFCA6CD}.Debug|Any CPU.Build.0 = Debug|Any CPU
		{6DD0327C-4FB1-40A3-A5B1-51E53BFCA6CD}.Debug|x64.ActiveCfg = Debug|Any CPU
		{6DD0327C-4FB1-40A3-A5B1-51E53BFCA6CD}.Debug|x64.Build.0 = Debug|Any CPU
		{6DD0327C-4FB1-40A3-A5B1-51E53BFCA6CD}.Debug|x86.ActiveCfg = Debug|Any CPU
		{6DD0327C-4FB1-40A3-A5B1-51E53BFCA6CD}.Debug|x86.Build.0 = Debug|Any CPU
		{6DD0327C-4FB1-40A3-A5B1-51E53BFCA6CD}.Release|Any CPU.ActiveCfg = Release|Any CPU
		{6DD0327C-4FB1-40A3-A5B1-51E53BFCA6CD}.Release|Any CPU.Build.0 = Release|Any CPU
		{6DD0327C-4FB1-40A3-A5B1-51E53BFCA6CD}.Release|x64.ActiveCfg = Release|Any CPU
		{6DD0327C-4FB1-40A3-A5B1-51E53BFCA6CD}.Release|x64.Build.0 = Release|Any CPU
		{6DD0327C-4FB1-40A3-A5B1-51E53BFCA6CD}.Release|x86.ActiveCfg = Release|Any CPU
		{6DD0327C-4FB1-40A3-A5B1-51E53BFCA6CD}.Release|x86.Build.0 = Release|Any CPU
		{433A9346-7F00-4B87-8459-5AE8A4E7BD26}.Debug|Any CPU.ActiveCfg = Debug|Any CPU
		{433A9346-7F00-4B87-8459-5AE8A4E7BD26}.Debug|Any CPU.Build.0 = Debug|Any CPU
		{433A9346-7F00-4B87-8459-5AE8A4E7BD26}.Debug|x64.ActiveCfg = Debug|Any CPU
		{433A9346-7F00-4B87-8459-5AE8A4E7BD26}.Debug|x64.Build.0 = Debug|Any CPU
		{433A9346-7F00-4B87-8459-5AE8A4E7BD26}.Debug|x86.ActiveCfg = Debug|Any CPU
		{433A9346-7F00-4B87-8459-5AE8A4E7BD26}.Debug|x86.Build.0 = Debug|Any CPU
		{433A9346-7F00-4B87-8459-5AE8A4E7BD26}.Release|Any CPU.ActiveCfg = Release|Any CPU
		{433A9346-7F00-4B87-8459-5AE8A4E7BD26}.Release|Any CPU.Build.0 = Release|Any CPU
		{433A9346-7F00-4B87-8459-5AE8A4E7BD26}.Release|x64.ActiveCfg = Release|Any CPU
		{433A9346-7F00-4B87-8459-5AE8A4E7BD26}.Release|x64.Build.0 = Release|Any CPU
		{433A9346-7F00-4B87-8459-5AE8A4E7BD26}.Release|x86.ActiveCfg = Release|Any CPU
		{433A9346-7F00-4B87-8459-5AE8A4E7BD26}.Release|x86.Build.0 = Release|Any CPU
		{25F9D279-FDC7-44FE-BE0F-0227B741594D}.Debug|Any CPU.ActiveCfg = Debug|Any CPU
		{25F9D279-FDC7-44FE-BE0F-0227B741594D}.Debug|Any CPU.Build.0 = Debug|Any CPU
		{25F9D279-FDC7-44FE-BE0F-0227B741594D}.Debug|x64.ActiveCfg = Debug|Any CPU
		{25F9D279-FDC7-44FE-BE0F-0227B741594D}.Debug|x64.Build.0 = Debug|Any CPU
		{25F9D279-FDC7-44FE-BE0F-0227B741594D}.Debug|x86.ActiveCfg = Debug|Any CPU
		{25F9D279-FDC7-44FE-BE0F-0227B741594D}.Debug|x86.Build.0 = Debug|Any CPU
		{25F9D279-FDC7-44FE-BE0F-0227B741594D}.Release|Any CPU.ActiveCfg = Release|Any CPU
		{25F9D279-FDC7-44FE-BE0F-0227B741594D}.Release|Any CPU.Build.0 = Release|Any CPU
		{25F9D279-FDC7-44FE-BE0F-0227B741594D}.Release|x64.ActiveCfg = Release|Any CPU
		{25F9D279-FDC7-44FE-BE0F-0227B741594D}.Release|x64.Build.0 = Release|Any CPU
		{25F9D279-FDC7-44FE-BE0F-0227B741594D}.Release|x86.ActiveCfg = Release|Any CPU
		{25F9D279-FDC7-44FE-BE0F-0227B741594D}.Release|x86.Build.0 = Release|Any CPU
		{652A025C-EF04-4C28-BF6A-E600C49B2C50}.Debug|Any CPU.ActiveCfg = Debug|Any CPU
		{652A025C-EF04-4C28-BF6A-E600C49B2C50}.Debug|Any CPU.Build.0 = Debug|Any CPU
		{652A025C-EF04-4C28-BF6A-E600C49B2C50}.Debug|x64.ActiveCfg = Debug|Any CPU
		{652A025C-EF04-4C28-BF6A-E600C49B2C50}.Debug|x64.Build.0 = Debug|Any CPU
		{652A025C-EF04-4C28-BF6A-E600C49B2C50}.Debug|x86.ActiveCfg = Debug|Any CPU
		{652A025C-EF04-4C28-BF6A-E600C49B2C50}.Debug|x86.Build.0 = Debug|Any CPU
		{652A025C-EF04-4C28-BF6A-E600C49B2C50}.Release|Any CPU.ActiveCfg = Release|Any CPU
		{652A025C-EF04-4C28-BF6A-E600C49B2C50}.Release|Any CPU.Build.0 = Release|Any CPU
		{652A025C-EF04-4C28-BF6A-E600C49B2C50}.Release|x64.ActiveCfg = Release|Any CPU
		{652A025C-EF04-4C28-BF6A-E600C49B2C50}.Release|x64.Build.0 = Release|Any CPU
		{652A025C-EF04-4C28-BF6A-E600C49B2C50}.Release|x86.ActiveCfg = Release|Any CPU
		{652A025C-EF04-4C28-BF6A-E600C49B2C50}.Release|x86.Build.0 = Release|Any CPU
		{361F8AC2-31BA-4130-A09E-B4E87BD43BB2}.Debug|Any CPU.ActiveCfg = Debug|Any CPU
		{361F8AC2-31BA-4130-A09E-B4E87BD43BB2}.Debug|Any CPU.Build.0 = Debug|Any CPU
		{361F8AC2-31BA-4130-A09E-B4E87BD43BB2}.Debug|x64.ActiveCfg = Debug|Any CPU
		{361F8AC2-31BA-4130-A09E-B4E87BD43BB2}.Debug|x64.Build.0 = Debug|Any CPU
		{361F8AC2-31BA-4130-A09E-B4E87BD43BB2}.Debug|x86.ActiveCfg = Debug|Any CPU
		{361F8AC2-31BA-4130-A09E-B4E87BD43BB2}.Debug|x86.Build.0 = Debug|Any CPU
		{361F8AC2-31BA-4130-A09E-B4E87BD43BB2}.Release|Any CPU.ActiveCfg = Release|Any CPU
		{361F8AC2-31BA-4130-A09E-B4E87BD43BB2}.Release|Any CPU.Build.0 = Release|Any CPU
		{361F8AC2-31BA-4130-A09E-B4E87BD43BB2}.Release|x64.ActiveCfg = Release|Any CPU
		{361F8AC2-31BA-4130-A09E-B4E87BD43BB2}.Release|x64.Build.0 = Release|Any CPU
		{361F8AC2-31BA-4130-A09E-B4E87BD43BB2}.Release|x86.ActiveCfg = Release|Any CPU
		{361F8AC2-31BA-4130-A09E-B4E87BD43BB2}.Release|x86.Build.0 = Release|Any CPU
		{A436CECA-2DA3-467A-83D1-0A8DBC0FD50E}.Debug|Any CPU.ActiveCfg = Debug|Any CPU
		{A436CECA-2DA3-467A-83D1-0A8DBC0FD50E}.Debug|Any CPU.Build.0 = Debug|Any CPU
		{A436CECA-2DA3-467A-83D1-0A8DBC0FD50E}.Debug|x64.ActiveCfg = Debug|Any CPU
		{A436CECA-2DA3-467A-83D1-0A8DBC0FD50E}.Debug|x64.Build.0 = Debug|Any CPU
		{A436CECA-2DA3-467A-83D1-0A8DBC0FD50E}.Debug|x86.ActiveCfg = Debug|Any CPU
		{A436CECA-2DA3-467A-83D1-0A8DBC0FD50E}.Debug|x86.Build.0 = Debug|Any CPU
		{A436CECA-2DA3-467A-83D1-0A8DBC0FD50E}.Release|Any CPU.ActiveCfg = Release|Any CPU
		{A436CECA-2DA3-467A-83D1-0A8DBC0FD50E}.Release|Any CPU.Build.0 = Release|Any CPU
		{A436CECA-2DA3-467A-83D1-0A8DBC0FD50E}.Release|x64.ActiveCfg = Release|Any CPU
		{A436CECA-2DA3-467A-83D1-0A8DBC0FD50E}.Release|x64.Build.0 = Release|Any CPU
		{A436CECA-2DA3-467A-83D1-0A8DBC0FD50E}.Release|x86.ActiveCfg = Release|Any CPU
		{A436CECA-2DA3-467A-83D1-0A8DBC0FD50E}.Release|x86.Build.0 = Release|Any CPU
		{0F57D766-48ED-4D50-9341-7A377613610C}.Debug|Any CPU.ActiveCfg = Debug|Any CPU
		{0F57D766-48ED-4D50-9341-7A377613610C}.Debug|Any CPU.Build.0 = Debug|Any CPU
		{0F57D766-48ED-4D50-9341-7A377613610C}.Debug|x64.ActiveCfg = Debug|Any CPU
		{0F57D766-48ED-4D50-9341-7A377613610C}.Debug|x64.Build.0 = Debug|Any CPU
		{0F57D766-48ED-4D50-9341-7A377613610C}.Debug|x86.ActiveCfg = Debug|Any CPU
		{0F57D766-48ED-4D50-9341-7A377613610C}.Debug|x86.Build.0 = Debug|Any CPU
		{0F57D766-48ED-4D50-9341-7A377613610C}.Release|Any CPU.ActiveCfg = Release|Any CPU
		{0F57D766-48ED-4D50-9341-7A377613610C}.Release|Any CPU.Build.0 = Release|Any CPU
		{0F57D766-48ED-4D50-9341-7A377613610C}.Release|x64.ActiveCfg = Release|Any CPU
		{0F57D766-48ED-4D50-9341-7A377613610C}.Release|x64.Build.0 = Release|Any CPU
		{0F57D766-48ED-4D50-9341-7A377613610C}.Release|x86.ActiveCfg = Release|Any CPU
		{0F57D766-48ED-4D50-9341-7A377613610C}.Release|x86.Build.0 = Release|Any CPU
		{84D24C6D-8BA8-46F2-BA20-91DF9A5CEB8E}.Debug|Any CPU.ActiveCfg = Debug|Any CPU
		{84D24C6D-8BA8-46F2-BA20-91DF9A5CEB8E}.Debug|Any CPU.Build.0 = Debug|Any CPU
		{84D24C6D-8BA8-46F2-BA20-91DF9A5CEB8E}.Debug|x64.ActiveCfg = Debug|Any CPU
		{84D24C6D-8BA8-46F2-BA20-91DF9A5CEB8E}.Debug|x64.Build.0 = Debug|Any CPU
		{84D24C6D-8BA8-46F2-BA20-91DF9A5CEB8E}.Debug|x86.ActiveCfg = Debug|Any CPU
		{84D24C6D-8BA8-46F2-BA20-91DF9A5CEB8E}.Debug|x86.Build.0 = Debug|Any CPU
		{84D24C6D-8BA8-46F2-BA20-91DF9A5CEB8E}.Release|Any CPU.ActiveCfg = Release|Any CPU
		{84D24C6D-8BA8-46F2-BA20-91DF9A5CEB8E}.Release|Any CPU.Build.0 = Release|Any CPU
		{84D24C6D-8BA8-46F2-BA20-91DF9A5CEB8E}.Release|x64.ActiveCfg = Release|Any CPU
		{84D24C6D-8BA8-46F2-BA20-91DF9A5CEB8E}.Release|x64.Build.0 = Release|Any CPU
		{84D24C6D-8BA8-46F2-BA20-91DF9A5CEB8E}.Release|x86.ActiveCfg = Release|Any CPU
		{84D24C6D-8BA8-46F2-BA20-91DF9A5CEB8E}.Release|x86.Build.0 = Release|Any CPU
		{7F2BA527-5658-4128-876E-46FCE245CD40}.Debug|Any CPU.ActiveCfg = Debug|Any CPU
		{7F2BA527-5658-4128-876E-46FCE245CD40}.Debug|Any CPU.Build.0 = Debug|Any CPU
		{7F2BA527-5658-4128-876E-46FCE245CD40}.Debug|x64.ActiveCfg = Debug|Any CPU
		{7F2BA527-5658-4128-876E-46FCE245CD40}.Debug|x64.Build.0 = Debug|Any CPU
		{7F2BA527-5658-4128-876E-46FCE245CD40}.Debug|x86.ActiveCfg = Debug|Any CPU
		{7F2BA527-5658-4128-876E-46FCE245CD40}.Debug|x86.Build.0 = Debug|Any CPU
		{7F2BA527-5658-4128-876E-46FCE245CD40}.Release|Any CPU.ActiveCfg = Release|Any CPU
		{7F2BA527-5658-4128-876E-46FCE245CD40}.Release|Any CPU.Build.0 = Release|Any CPU
		{7F2BA527-5658-4128-876E-46FCE245CD40}.Release|x64.ActiveCfg = Release|Any CPU
		{7F2BA527-5658-4128-876E-46FCE245CD40}.Release|x64.Build.0 = Release|Any CPU
		{7F2BA527-5658-4128-876E-46FCE245CD40}.Release|x86.ActiveCfg = Release|Any CPU
		{7F2BA527-5658-4128-876E-46FCE245CD40}.Release|x86.Build.0 = Release|Any CPU
		{0184E240-0564-4727-90B1-2B19958DCE4B}.Debug|Any CPU.ActiveCfg = Debug|Any CPU
		{0184E240-0564-4727-90B1-2B19958DCE4B}.Debug|Any CPU.Build.0 = Debug|Any CPU
		{0184E240-0564-4727-90B1-2B19958DCE4B}.Debug|x64.ActiveCfg = Debug|Any CPU
		{0184E240-0564-4727-90B1-2B19958DCE4B}.Debug|x64.Build.0 = Debug|Any CPU
		{0184E240-0564-4727-90B1-2B19958DCE4B}.Debug|x86.ActiveCfg = Debug|Any CPU
		{0184E240-0564-4727-90B1-2B19958DCE4B}.Debug|x86.Build.0 = Debug|Any CPU
		{0184E240-0564-4727-90B1-2B19958DCE4B}.Release|Any CPU.ActiveCfg = Release|Any CPU
		{0184E240-0564-4727-90B1-2B19958DCE4B}.Release|Any CPU.Build.0 = Release|Any CPU
		{0184E240-0564-4727-90B1-2B19958DCE4B}.Release|x64.ActiveCfg = Release|Any CPU
		{0184E240-0564-4727-90B1-2B19958DCE4B}.Release|x64.Build.0 = Release|Any CPU
		{0184E240-0564-4727-90B1-2B19958DCE4B}.Release|x86.ActiveCfg = Release|Any CPU
		{0184E240-0564-4727-90B1-2B19958DCE4B}.Release|x86.Build.0 = Release|Any CPU
		{CE872041-B5D7-4B78-B31B-1C81D7A1F7CC}.Debug|Any CPU.ActiveCfg = Debug|Any CPU
		{CE872041-B5D7-4B78-B31B-1C81D7A1F7CC}.Debug|Any CPU.Build.0 = Debug|Any CPU
		{CE872041-B5D7-4B78-B31B-1C81D7A1F7CC}.Debug|x64.ActiveCfg = Debug|Any CPU
		{CE872041-B5D7-4B78-B31B-1C81D7A1F7CC}.Debug|x64.Build.0 = Debug|Any CPU
		{CE872041-B5D7-4B78-B31B-1C81D7A1F7CC}.Debug|x86.ActiveCfg = Debug|Any CPU
		{CE872041-B5D7-4B78-B31B-1C81D7A1F7CC}.Debug|x86.Build.0 = Debug|Any CPU
		{CE872041-B5D7-4B78-B31B-1C81D7A1F7CC}.Release|Any CPU.ActiveCfg = Release|Any CPU
		{CE872041-B5D7-4B78-B31B-1C81D7A1F7CC}.Release|Any CPU.Build.0 = Release|Any CPU
		{CE872041-B5D7-4B78-B31B-1C81D7A1F7CC}.Release|x64.ActiveCfg = Release|Any CPU
		{CE872041-B5D7-4B78-B31B-1C81D7A1F7CC}.Release|x64.Build.0 = Release|Any CPU
		{CE872041-B5D7-4B78-B31B-1C81D7A1F7CC}.Release|x86.ActiveCfg = Release|Any CPU
		{CE872041-B5D7-4B78-B31B-1C81D7A1F7CC}.Release|x86.Build.0 = Release|Any CPU
		{590008CA-C734-4498-8DA1-E23A63C77412}.Debug|Any CPU.ActiveCfg = Debug|Any CPU
		{590008CA-C734-4498-8DA1-E23A63C77412}.Debug|Any CPU.Build.0 = Debug|Any CPU
		{590008CA-C734-4498-8DA1-E23A63C77412}.Debug|x64.ActiveCfg = Debug|Any CPU
		{590008CA-C734-4498-8DA1-E23A63C77412}.Debug|x64.Build.0 = Debug|Any CPU
		{590008CA-C734-4498-8DA1-E23A63C77412}.Debug|x86.ActiveCfg = Debug|Any CPU
		{590008CA-C734-4498-8DA1-E23A63C77412}.Debug|x86.Build.0 = Debug|Any CPU
		{590008CA-C734-4498-8DA1-E23A63C77412}.Release|Any CPU.ActiveCfg = Release|Any CPU
		{590008CA-C734-4498-8DA1-E23A63C77412}.Release|Any CPU.Build.0 = Release|Any CPU
		{590008CA-C734-4498-8DA1-E23A63C77412}.Release|x64.ActiveCfg = Release|Any CPU
		{590008CA-C734-4498-8DA1-E23A63C77412}.Release|x64.Build.0 = Release|Any CPU
		{590008CA-C734-4498-8DA1-E23A63C77412}.Release|x86.ActiveCfg = Release|Any CPU
		{590008CA-C734-4498-8DA1-E23A63C77412}.Release|x86.Build.0 = Release|Any CPU
		{26C9BA28-9F4A-4B8B-B6BB-A347B82EAE0E}.Debug|Any CPU.ActiveCfg = Debug|Any CPU
		{26C9BA28-9F4A-4B8B-B6BB-A347B82EAE0E}.Debug|Any CPU.Build.0 = Debug|Any CPU
		{26C9BA28-9F4A-4B8B-B6BB-A347B82EAE0E}.Debug|x64.ActiveCfg = Debug|Any CPU
		{26C9BA28-9F4A-4B8B-B6BB-A347B82EAE0E}.Debug|x64.Build.0 = Debug|Any CPU
		{26C9BA28-9F4A-4B8B-B6BB-A347B82EAE0E}.Debug|x86.ActiveCfg = Debug|Any CPU
		{26C9BA28-9F4A-4B8B-B6BB-A347B82EAE0E}.Debug|x86.Build.0 = Debug|Any CPU
		{26C9BA28-9F4A-4B8B-B6BB-A347B82EAE0E}.Release|Any CPU.ActiveCfg = Release|Any CPU
		{26C9BA28-9F4A-4B8B-B6BB-A347B82EAE0E}.Release|Any CPU.Build.0 = Release|Any CPU
		{26C9BA28-9F4A-4B8B-B6BB-A347B82EAE0E}.Release|x64.ActiveCfg = Release|Any CPU
		{26C9BA28-9F4A-4B8B-B6BB-A347B82EAE0E}.Release|x64.Build.0 = Release|Any CPU
		{26C9BA28-9F4A-4B8B-B6BB-A347B82EAE0E}.Release|x86.ActiveCfg = Release|Any CPU
		{26C9BA28-9F4A-4B8B-B6BB-A347B82EAE0E}.Release|x86.Build.0 = Release|Any CPU
		{861F172E-B3C9-4450-9E5A-73B6367BB527}.Debug|Any CPU.ActiveCfg = Debug|Any CPU
		{861F172E-B3C9-4450-9E5A-73B6367BB527}.Debug|Any CPU.Build.0 = Debug|Any CPU
		{861F172E-B3C9-4450-9E5A-73B6367BB527}.Debug|x64.ActiveCfg = Debug|Any CPU
		{861F172E-B3C9-4450-9E5A-73B6367BB527}.Debug|x64.Build.0 = Debug|Any CPU
		{861F172E-B3C9-4450-9E5A-73B6367BB527}.Debug|x86.ActiveCfg = Debug|Any CPU
		{861F172E-B3C9-4450-9E5A-73B6367BB527}.Debug|x86.Build.0 = Debug|Any CPU
		{861F172E-B3C9-4450-9E5A-73B6367BB527}.Release|Any CPU.ActiveCfg = Release|Any CPU
		{861F172E-B3C9-4450-9E5A-73B6367BB527}.Release|Any CPU.Build.0 = Release|Any CPU
		{861F172E-B3C9-4450-9E5A-73B6367BB527}.Release|x64.ActiveCfg = Release|Any CPU
		{861F172E-B3C9-4450-9E5A-73B6367BB527}.Release|x64.Build.0 = Release|Any CPU
		{861F172E-B3C9-4450-9E5A-73B6367BB527}.Release|x86.ActiveCfg = Release|Any CPU
		{861F172E-B3C9-4450-9E5A-73B6367BB527}.Release|x86.Build.0 = Release|Any CPU
		{416605D5-7B81-4E71-9E8A-6466B1F4E318}.Debug|Any CPU.ActiveCfg = Debug|Any CPU
		{416605D5-7B81-4E71-9E8A-6466B1F4E318}.Debug|Any CPU.Build.0 = Debug|Any CPU
		{416605D5-7B81-4E71-9E8A-6466B1F4E318}.Debug|x64.ActiveCfg = Debug|Any CPU
		{416605D5-7B81-4E71-9E8A-6466B1F4E318}.Debug|x64.Build.0 = Debug|Any CPU
		{416605D5-7B81-4E71-9E8A-6466B1F4E318}.Debug|x86.ActiveCfg = Debug|Any CPU
		{416605D5-7B81-4E71-9E8A-6466B1F4E318}.Debug|x86.Build.0 = Debug|Any CPU
		{416605D5-7B81-4E71-9E8A-6466B1F4E318}.Release|Any CPU.ActiveCfg = Release|Any CPU
		{416605D5-7B81-4E71-9E8A-6466B1F4E318}.Release|Any CPU.Build.0 = Release|Any CPU
		{416605D5-7B81-4E71-9E8A-6466B1F4E318}.Release|x64.ActiveCfg = Release|Any CPU
		{416605D5-7B81-4E71-9E8A-6466B1F4E318}.Release|x64.Build.0 = Release|Any CPU
		{416605D5-7B81-4E71-9E8A-6466B1F4E318}.Release|x86.ActiveCfg = Release|Any CPU
		{416605D5-7B81-4E71-9E8A-6466B1F4E318}.Release|x86.Build.0 = Release|Any CPU
		{F9D61C81-3F26-4C34-BCE3-6FF6110E1968}.Debug|Any CPU.ActiveCfg = Debug|Any CPU
		{F9D61C81-3F26-4C34-BCE3-6FF6110E1968}.Debug|Any CPU.Build.0 = Debug|Any CPU
		{F9D61C81-3F26-4C34-BCE3-6FF6110E1968}.Debug|x64.ActiveCfg = Debug|Any CPU
		{F9D61C81-3F26-4C34-BCE3-6FF6110E1968}.Debug|x64.Build.0 = Debug|Any CPU
		{F9D61C81-3F26-4C34-BCE3-6FF6110E1968}.Debug|x86.ActiveCfg = Debug|Any CPU
		{F9D61C81-3F26-4C34-BCE3-6FF6110E1968}.Debug|x86.Build.0 = Debug|Any CPU
		{F9D61C81-3F26-4C34-BCE3-6FF6110E1968}.Release|Any CPU.ActiveCfg = Release|Any CPU
		{F9D61C81-3F26-4C34-BCE3-6FF6110E1968}.Release|Any CPU.Build.0 = Release|Any CPU
		{F9D61C81-3F26-4C34-BCE3-6FF6110E1968}.Release|x64.ActiveCfg = Release|Any CPU
		{F9D61C81-3F26-4C34-BCE3-6FF6110E1968}.Release|x64.Build.0 = Release|Any CPU
		{F9D61C81-3F26-4C34-BCE3-6FF6110E1968}.Release|x86.ActiveCfg = Release|Any CPU
		{F9D61C81-3F26-4C34-BCE3-6FF6110E1968}.Release|x86.Build.0 = Release|Any CPU
	EndGlobalSection
	GlobalSection(SolutionProperties) = preSolution
		HideSolutionNode = FALSE
	EndGlobalSection
	GlobalSection(NestedProjects) = preSolution
		{63882A7C-90E5-DEE3-63BB-E6ABDBC8A365} = {827E0CD3-B72D-47B6-A68D-7590B98EB39B}
		{7B522735-69A2-485B-ABC4-F74D9C885BF4} = {63882A7C-90E5-DEE3-63BB-E6ABDBC8A365}
		{5FC1494C-0D8C-79D1-FFF2-37E95F57AB9F} = {827E0CD3-B72D-47B6-A68D-7590B98EB39B}
		{B4DD4C39-2F93-477D-BB8B-A4FCEAF65A8D} = {5FC1494C-0D8C-79D1-FFF2-37E95F57AB9F}
		{E2B4B4AA-F2AF-4CC4-A081-0618BEB936F9} = {827E0CD3-B72D-47B6-A68D-7590B98EB39B}
		{1E8AFA27-F2DB-45D2-9B24-F2CC940AE79F} = {E2B4B4AA-F2AF-4CC4-A081-0618BEB936F9}
		{002B8FB9-42B1-42DD-9AB3-37C581C46140} = {E2B4B4AA-F2AF-4CC4-A081-0618BEB936F9}
		{3FAE3537-E8D4-4AF2-9AB7-A7011610336F} = {E2B4B4AA-F2AF-4CC4-A081-0618BEB936F9}
		{81BE88ED-7C74-468C-A5E3-688CE6C293AE} = {E2B4B4AA-F2AF-4CC4-A081-0618BEB936F9}
		{F5184227-0698-47D9-B764-95515E403A4B} = {0AB3BF05-4346-4AA6-1389-037BE0695223}
		{C7D20B85-EDB0-4283-BF1E-AAF2E837E3BD} = {827E0CD3-B72D-47B6-A68D-7590B98EB39B}
		{632CD663-9202-4411-9ABA-0441A7D814D2} = {827E0CD3-B72D-47B6-A68D-7590B98EB39B}
		{C9D28393-05B5-4861-98F0-DB8913EFC701} = {827E0CD3-B72D-47B6-A68D-7590B98EB39B}
		{41AC6E7F-C6D1-4984-B60B-97CF372DCFC7} = {827E0CD3-B72D-47B6-A68D-7590B98EB39B}
		{AEE4104D-EAD7-4C00-BFFE-AF7218885E67} = {827E0CD3-B72D-47B6-A68D-7590B98EB39B}
		{F846ECCA-C9B8-4D25-ADF4-420A78E631DA} = {AEE4104D-EAD7-4C00-BFFE-AF7218885E67}
		{0B46B65F-FB41-42A0-8326-318315492414} = {AEE4104D-EAD7-4C00-BFFE-AF7218885E67}
		{4FFE8189-CFE9-4E87-A166-9AA787354D2D} = {AEE4104D-EAD7-4C00-BFFE-AF7218885E67}
		{1268FE67-AAD4-4E82-A04F-E8A962BA44B7} = {AEE4104D-EAD7-4C00-BFFE-AF7218885E67}
		{A1F5EDA0-2D33-4245-B8CA-8226593C5492} = {AEE4104D-EAD7-4C00-BFFE-AF7218885E67}
		{2C2463B1-45EA-4565-B17F-4A74705E3495} = {0AB3BF05-4346-4AA6-1389-037BE0695223}
		{05A04314-2DE0-4ED9-BA21-413C4BFF1A1B} = {0AB3BF05-4346-4AA6-1389-037BE0695223}
		{6DD0327C-4FB1-40A3-A5B1-51E53BFCA6CD} = {827E0CD3-B72D-47B6-A68D-7590B98EB39B}
		{433A9346-7F00-4B87-8459-5AE8A4E7BD26} = {0AB3BF05-4346-4AA6-1389-037BE0695223}
		{25F9D279-FDC7-44FE-BE0F-0227B741594D} = {0AB3BF05-4346-4AA6-1389-037BE0695223}
		{652A025C-EF04-4C28-BF6A-E600C49B2C50} = {0AB3BF05-4346-4AA6-1389-037BE0695223}
		{361F8AC2-31BA-4130-A09E-B4E87BD43BB2} = {0AB3BF05-4346-4AA6-1389-037BE0695223}
		{5FC26B94-2429-129A-E862-9F33E5158ED9} = {827E0CD3-B72D-47B6-A68D-7590B98EB39B}
		{A436CECA-2DA3-467A-83D1-0A8DBC0FD50E} = {5FC26B94-2429-129A-E862-9F33E5158ED9}
		{0F57D766-48ED-4D50-9341-7A377613610C} = {5FC26B94-2429-129A-E862-9F33E5158ED9}
		{84D24C6D-8BA8-46F2-BA20-91DF9A5CEB8E} = {5FC26B94-2429-129A-E862-9F33E5158ED9}
		{7F2BA527-5658-4128-876E-46FCE245CD40} = {5FC26B94-2429-129A-E862-9F33E5158ED9}
		{0184E240-0564-4727-90B1-2B19958DCE4B} = {0AB3BF05-4346-4AA6-1389-037BE0695223}
		{CE872041-B5D7-4B78-B31B-1C81D7A1F7CC} = {0AB3BF05-4346-4AA6-1389-037BE0695223}
		{590008CA-C734-4498-8DA1-E23A63C77412} = {0AB3BF05-4346-4AA6-1389-037BE0695223}
		{26C9BA28-9F4A-4B8B-B6BB-A347B82EAE0E} = {0AB3BF05-4346-4AA6-1389-037BE0695223}
		{861F172E-B3C9-4450-9E5A-73B6367BB527} = {827E0CD3-B72D-47B6-A68D-7590B98EB39B}
		{416605D5-7B81-4E71-9E8A-6466B1F4E318} = {827E0CD3-B72D-47B6-A68D-7590B98EB39B}
		{F9D61C81-3F26-4C34-BCE3-6FF6110E1968} = {827E0CD3-B72D-47B6-A68D-7590B98EB39B}
	EndGlobalSection
EndGlobal
