<Solution>
  <Configurations>
    <Platform Name="Any CPU" />
    <Platform Name="x64" />
    <Platform Name="x86" />
  </Configurations>
  <Folder Name="/src/">
    <Project Path="src/SchoolCollab.Admin.Shared/SchoolCollab.Admin.Shared.csproj" />
    <Project Path="src/SchoolCollab.Admin/SchoolCollab.Admin.csproj" />
    <Project Path="src/SchoolCollab.Core/SchoolCollab.Core.csproj" />
    <Project Path="src/SchoolCollab.Families/SchoolCollab.Families.csproj" />
    <Project Path="src/SchoolCollab.MigrationService/SchoolCollab.MigrationService.csproj" />
  </Folder>
  <Folder Name="/src/AI/">
    <Project Path="src/AI/SchoolCollab.AI.Abstractions/SchoolCollab.AI.Abstractions.csproj" />
    <Project Path="src/AI/SchoolCollab.AI.Chat/SchoolCollab.AI.Chat.csproj" />
    <Project Path="src/AI/SchoolCollab.AI.Server/SchoolCollab.AI.Server.csproj" />
    <Project Path="src/AI/SchoolCollab.AI.Tools.CodedValues/SchoolCollab.AI.Tools.CodedValues.csproj" />
  </Folder>
  <Folder Name="/src/AppHost/">
    <Project Path="src/AppHost/SchoolCollab.AppHost/SchoolCollab.AppHost.csproj" />
  </Folder>
  <Folder Name="/src/Assignments/">
    <Project Path="src/Assignments/SchoolCollab.Assignments.Api/SchoolCollab.Assignments.Api.csproj" />
    <Project Path="src/Assignments/SchoolCollab.Assignments.Application/SchoolCollab.Assignments.Application.csproj" />
    <Project Path="src/Assignments/SchoolCollab.Assignments.Contracts/SchoolCollab.Assignments.Contracts.csproj" />
    <Project Path="src/Assignments/SchoolCollab.Assignments.Core/SchoolCollab.Assignments.Core.csproj" />
    <Project Path="src/Assignments/SchoolCollab.Assignments.Worker/SchoolCollab.Assignments.Worker.csproj" />
  </Folder>
  <Folder Name="/src/ServiceDefaults/">
    <Project Path="src/ServiceDefaults/SchoolCollab.ServiceDefaults/SchoolCollab.ServiceDefaults.csproj" />
  </Folder>
  <Folder Name="/src/Settings/">
    <Project Path="src/Settings/SchoolCollab.Settings.Api/SchoolCollab.Settings.Api.csproj" />
    <Project Path="src/Settings/SchoolCollab.Settings.Application/SchoolCollab.Settings.Application.csproj" />
    <Project Path="src/Settings/SchoolCollab.Settings.Contracts/SchoolCollab.Settings.Contracts.csproj" />
    <Project Path="src/Settings/SchoolCollab.Settings.Core/SchoolCollab.Settings.Core.csproj" />
  </Folder>
  <Folder Name="/src/Students/">
    <Project Path="src/Students/SchoolCollab.Students.Api/SchoolCollab.Students.Api.csproj" />
    <Project Path="src/Students/SchoolCollab.Students.Application/SchoolCollab.Students.Application.csproj" />
    <Project Path="src/Students/SchoolCollab.Students.Contracts/SchoolCollab.Students.Contracts.csproj" />
    <Project Path="src/Students/SchoolCollab.Students.Core/SchoolCollab.Students.Core.csproj" />
    <Project Path="src/Students/SchoolCollab.Students.Worker/SchoolCollab.Students.Worker.csproj" />
  </Folder>
  <Folder Name="/tests/">
    <Project Path="tests/SchoolCollab.Admin.Tests.Unit/SchoolCollab.Admin.Tests.Unit.csproj" />
    <Project Path="tests/SchoolCollab.ArchitectureTests.Unit/SchoolCollab.ArchitectureTests.Unit.csproj" />
    <Project Path="tests/SchoolCollab.Assignments.Api.Tests.Unit/SchoolCollab.Assignments.Api.Tests.Unit.csproj" />
    <Project Path="tests/SchoolCollab.Assignments.Tests.Integration/SchoolCollab.Assignments.Tests.Integration.csproj" />
    <Project Path="tests/SchoolCollab.Assignments.Tests.Unit/SchoolCollab.Assignments.Tests.Unit.csproj" />
    <Project Path="tests/SchoolCollab.Core.Tests.Unit/SchoolCollab.Core.Tests.Unit.csproj" />
    <Project Path="tests/SchoolCollab.Families.Tests.Unit/SchoolCollab.Families.Tests.Unit.csproj" />
    <Project Path="tests/SchoolCollab.Settings.Api.Tests.Unit/SchoolCollab.Settings.Api.Tests.Unit.csproj" />
    <Project Path="tests/SchoolCollab.Settings.Tests.Integration/SchoolCollab.Settings.Tests.Integration.csproj" />
    <Project Path="tests/SchoolCollab.Settings.Tests.Playwright/SchoolCollab.Settings.Tests.Playwright.csproj" />
    <Project Path="tests/SchoolCollab.Settings.Tests.Unit/SchoolCollab.Settings.Tests.Unit.csproj" />
    <Project Path="tests/SchoolCollab.Students.Api.Tests.Unit/SchoolCollab.Students.Api.Tests.Unit.csproj" />
    <Project Path="tests/SchoolCollab.Students.Tests.Playwright/SchoolCollab.Students.Tests.Playwright.csproj" />
    <Project Path="tests/SchoolCollab.Students.Tests.Unit/SchoolCollab.Students.Tests.Unit.csproj" />
  </Folder>
</Solution>
