
Microsoft Visual Studio Solution File, Format Version 12.00
# Visual Studio Version 17
VisualStudioVersion = 17.0.31903.59
MinimumVisualStudioVersion = 10.0.40219.1
Project("{2150E333-8FDC-42A3-9474-1A3956D46DE8}") = "src", "src", "{827E0CD3-B72D-47B6-A68D-7590B98EB39B}"
EndProject
Project("{2150E333-8FDC-42A3-9474-1A3956D46DE8}") = "AppHost", "AppHost", "{63882A7C-90E5-DEE3-63BB-E6ABDBC8A365}"
EndProject
Project("{FAE04EC0-301F-11D3-BF4B-00C04F79EFBC}") = "SchoolCollab.AppHost", "src\AppHost\SchoolCollab.AppHost\SchoolCollab.AppHost.csproj", "{7B522735-69A2-485B-ABC4-F74D9C885BF4}"
EndProject
Project("{2150E333-8FDC-42A3-9474-1A3956D46DE8}") = "CodedValues", "CodedValues", "{65A64EB8-2DAA-064D-1CCB-CB17F65620F3}"
EndProject
Project("{FAE04EC0-301F-11D3-BF4B-00C04F79EFBC}") = "SchoolCollab.CodedValues.Contracts", "src\CodedValues\SchoolCollab.CodedValues.Contracts\SchoolCollab.CodedValues.Contracts.csproj", "{D7AAB896-7D55-4D60-840C-622474E6CBBC}"
EndProject
Project("{FAE04EC0-301F-11D3-BF4B-00C04F79EFBC}") = "SchoolCollab.CodedValues.Core", "src\CodedValues\SchoolCollab.CodedValues.Core\SchoolCollab.CodedValues.Core.csproj", "{28FF277C-4193-4F64-B6C7-B1B199CFE3A5}"
EndProject
Project("{2150E333-8FDC-42A3-9474-1A3956D46DE8}") = "ServiceDefaults", "ServiceDefaults", "{5FC1494C-0D8C-79D1-FFF2-37E95F57AB9F}"
EndProject
Project("{FAE04EC0-301F-11D3-BF4B-00C04F79EFBC}") = "SchoolCollab.ServiceDefaults", "src\ServiceDefaults\SchoolCollab.ServiceDefaults\SchoolCollab.ServiceDefaults.csproj", "{B4DD4C39-2F93-477D-BB8B-A4FCEAF65A8D}"
EndProject
Project("{FAE04EC0-301F-11D3-BF4B-00C04F79EFBC}") = "SchoolCollab.CodedValues.Api", "src\CodedValues\SchoolCollab.CodedValues.Api\SchoolCollab.CodedValues.Api.csproj", "{3DB94750-C47A-43D1-96B3-3DFF63BF9E5A}"
EndProject
Project("{FAE04EC0-301F-11D3-BF4B-00C04F79EFBC}") = "SchoolCollab.CodedValues.Admin", "src\CodedValues\SchoolCollab.CodedValues.Admin\SchoolCollab.CodedValues.Admin.csproj", "{731B1250-2048-4160-A740-79B8DEC8C59E}"
EndProject
Project("{2150E333-8FDC-42A3-9474-1A3956D46DE8}") = "tests", "tests", "{0AB3BF05-4346-4AA6-1389-037BE0695223}"
EndProject
Project("{FAE04EC0-301F-11D3-BF4B-00C04F79EFBC}") = "SchoolCollab.CodedValues.Tests.Unit", "tests\SchoolCollab.CodedValues.Tests.Unit\SchoolCollab.CodedValues.Tests.Unit.csproj", "{374F84CE-E8AD-4FB7-A6DA-EEF8C8995BBE}"
EndProject
Project("{FAE04EC0-301F-11D3-BF4B-00C04F79EFBC}") = "SchoolCollab.CodedValues.Tests.Integration", "tests\SchoolCollab.CodedValues.Tests.Integration\SchoolCollab.CodedValues.Tests.Integration.csproj", "{7C8573E5-CA9D-4EB8-A968-C3D3E07982EF}"
EndProject
Project("{FAE04EC0-301F-11D3-BF4B-00C04F79EFBC}") = "SchoolCollab.CodedValues.Tests.Playwright", "tests\SchoolCollab.CodedValues.Tests.Playwright\SchoolCollab.CodedValues.Tests.Playwright.csproj", "{EC801DCC-6614-4EE7-AF3E-C6DA5ADD8793}"
EndProject
Global
	GlobalSection(SolutionConfigurationPlatforms) = preSolution
		Debug|Any CPU = Debug|Any CPU
		Debug|x64 = Debug|x64
		Debug|x86 = Debug|x86
		Release|Any CPU = Release|Any CPU
		Release|x64 = Release|x64
		Release|x86 = Release|x86
	EndGlobalSection
	GlobalSection(ProjectConfigurationPlatforms) = postSolution
		{7B522735-69A2-485B-ABC4-F74D9C885BF4}.Debug|Any CPU.ActiveCfg = Debug|Any CPU
		{7B522735-69A2-485B-ABC4-F74D9C885BF4}.Debug|Any CPU.Build.0 = Debug|Any CPU
		{7B522735-69A2-485B-ABC4-F74D9C885BF4}.Debug|x64.ActiveCfg = Debug|Any CPU
		{7B522735-69A2-485B-ABC4-F74D9C885BF4}.Debug|x64.Build.0 = Debug|Any CPU
		{7B522735-69A2-485B-ABC4-F74D9C885BF4}.Debug|x86.ActiveCfg = Debug|Any CPU
		{7B522735-69A2-485B-ABC4-F74D9C885BF4}.Debug|x86.Build.0 = Debug|Any CPU
		{7B522735-69A2-485B-ABC4-F74D9C885BF4}.Release|Any CPU.ActiveCfg = Release|Any CPU
		{7B522735-69A2-485B-ABC4-F74D9C885BF4}.Release|Any CPU.Build.0 = Release|Any CPU
		{7B522735-69A2-485B-ABC4-F74D9C885BF4}.Release|x64.ActiveCfg = Release|Any CPU
		{7B522735-69A2-485B-ABC4-F74D9C885BF4}.Release|x64.Build.0 = Release|Any CPU
		{7B522735-69A2-485B-ABC4-F74D9C885BF4}.Release|x86.ActiveCfg = Release|Any CPU
		{7B522735-69A2-485B-ABC4-F74D9C885BF4}.Release|x86.Build.0 = Release|Any CPU
		{D7AAB896-7D55-4D60-840C-622474E6CBBC}.Debug|Any CPU.ActiveCfg = Debug|Any CPU
		{D7AAB896-7D55-4D60-840C-622474E6CBBC}.Debug|Any CPU.Build.0 = Debug|Any CPU
		{D7AAB896-7D55-4D60-840C-622474E6CBBC}.Debug|x64.ActiveCfg = Debug|Any CPU
		{D7AAB896-7D55-4D60-840C-622474E6CBBC}.Debug|x64.Build.0 = Debug|Any CPU
		{D7AAB896-7D55-4D60-840C-622474E6CBBC}.Debug|x86.ActiveCfg = Debug|Any CPU
		{D7AAB896-7D55-4D60-840C-622474E6CBBC}.Debug|x86.Build.0 = Debug|Any CPU
		{D7AAB896-7D55-4D60-840C-622474E6CBBC}.Release|Any CPU.ActiveCfg = Release|Any CPU
		{D7AAB896-7D55-4D60-840C-622474E6CBBC}.Release|Any CPU.Build.0 = Release|Any CPU
		{D7AAB896-7D55-4D60-840C-622474E6CBBC}.Release|x64.ActiveCfg = Release|Any CPU
		{D7AAB896-7D55-4D60-840C-622474E6CBBC}.Release|x64.Build.0 = Release|Any CPU
		{D7AAB896-7D55-4D60-840C-622474E6CBBC}.Release|x86.ActiveCfg = Release|Any CPU
		{D7AAB896-7D55-4D60-840C-622474E6CBBC}.Release|x86.Build.0 = Release|Any CPU
		{28FF277C-4193-4F64-B6C7-B1B199CFE3A5}.Debug|Any CPU.ActiveCfg = Debug|Any CPU
		{28FF277C-4193-4F64-B6C7-B1B199CFE3A5}.Debug|Any CPU.Build.0 = Debug|Any CPU
		{28FF277C-4193-4F64-B6C7-B1B199CFE3A5}.Debug|x64.ActiveCfg = Debug|Any CPU
		{28FF277C-4193-4F64-B6C7-B1B199CFE3A5}.Debug|x64.Build.0 = Debug|Any CPU
		{28FF277C-4193-4F64-B6C7-B1B199CFE3A5}.Debug|x86.ActiveCfg = Debug|Any CPU
		{28FF277C-4193-4F64-B6C7-B1B199CFE3A5}.Debug|x86.Build.0 = Debug|Any CPU
		{28FF277C-4193-4F64-B6C7-B1B199CFE3A5}.Release|Any CPU.ActiveCfg = Release|Any CPU
		{28FF277C-4193-4F64-B6C7-B1B199CFE3A5}.Release|Any CPU.Build.0 = Release|Any CPU
		{28FF277C-4193-4F64-B6C7-B1B199CFE3A5}.Release|x64.ActiveCfg = Release|Any CPU
		{28FF277C-4193-4F64-B6C7-B1B199CFE3A5}.Release|x64.Build.0 = Release|Any CPU
		{28FF277C-4193-4F64-B6C7-B1B199CFE3A5}.Release|x86.ActiveCfg = Release|Any CPU
		{28FF277C-4193-4F64-B6C7-B1B199CFE3A5}.Release|x86.Build.0 = Release|Any CPU
		{B4DD4C39-2F93-477D-BB8B-A4FCEAF65A8D}.Debug|Any CPU.ActiveCfg = Debug|Any CPU
		{B4DD4C39-2F93-477D-BB8B-A4FCEAF65A8D}.Debug|Any CPU.Build.0 = Debug|Any CPU
		{B4DD4C39-2F93-477D-BB8B-A4FCEAF65A8D}.Debug|x64.ActiveCfg = Debug|Any CPU
		{B4DD4C39-2F93-477D-BB8B-A4FCEAF65A8D}.Debug|x64.Build.0 = Debug|Any CPU
		{B4DD4C39-2F93-477D-BB8B-A4FCEAF65A8D}.Debug|x86.ActiveCfg = Debug|Any CPU
		{B4DD4C39-2F93-477D-BB8B-A4FCEAF65A8D}.Debug|x86.Build.0 = Debug|Any CPU
		{B4DD4C39-2F93-477D-BB8B-A4FCEAF65A8D}.Release|Any CPU.ActiveCfg = Release|Any CPU
		{B4DD4C39-2F93-477D-BB8B-A4FCEAF65A8D}.Release|Any CPU.Build.0 = Release|Any CPU
		{B4DD4C39-2F93-477D-BB8B-A4FCEAF65A8D}.Release|x64.ActiveCfg = Release|Any CPU
		{B4DD4C39-2F93-477D-BB8B-A4FCEAF65A8D}.Release|x64.Build.0 = Release|Any CPU
		{B4DD4C39-2F93-477D-BB8B-A4FCEAF65A8D}.Release|x86.ActiveCfg = Release|Any CPU
		{B4DD4C39-2F93-477D-BB8B-A4FCEAF65A8D}.Release|x86.Build.0 = Release|Any CPU
		{3DB94750-C47A-43D1-96B3-3DFF63BF9E5A}.Debug|Any CPU.ActiveCfg = Debug|Any CPU
		{3DB94750-C47A-43D1-96B3-3DFF63BF9E5A}.Debug|Any CPU.Build.0 = Debug|Any CPU
		{3DB94750-C47A-43D1-96B3-3DFF63BF9E5A}.Debug|x64.ActiveCfg = Debug|Any CPU
		{3DB94750-C47A-43D1-96B3-3DFF63BF9E5A}.Debug|x64.Build.0 = Debug|Any CPU
		{3DB94750-C47A-43D1-96B3-3DFF63BF9E5A}.Debug|x86.ActiveCfg = Debug|Any CPU
		{3DB94750-C47A-43D1-96B3-3DFF63BF9E5A}.Debug|x86.Build.0 = Debug|Any CPU
		{3DB94750-C47A-43D1-96B3-3DFF63BF9E5A}.Release|Any CPU.ActiveCfg = Release|Any CPU
		{3DB94750-C47A-43D1-96B3-3DFF63BF9E5A}.Release|Any CPU.Build.0 = Release|Any CPU
		{3DB94750-C47A-43D1-96B3-3DFF63BF9E5A}.Release|x64.ActiveCfg = Release|Any CPU
		{3DB94750-C47A-43D1-96B3-3DFF63BF9E5A}.Release|x64.Build.0 = Release|Any CPU
		{3DB94750-C47A-43D1-96B3-3DFF63BF9E5A}.Release|x86.ActiveCfg = Release|Any CPU
		{3DB94750-C47A-43D1-96B3-3DFF63BF9E5A}.Release|x86.Build.0 = Release|Any CPU
		{731B1250-2048-4160-A740-79B8DEC8C59E}.Debug|Any CPU.ActiveCfg = Debug|Any CPU
		{731B1250-2048-4160-A740-79B8DEC8C59E}.Debug|Any CPU.Build.0 = Debug|Any CPU
		{731B1250-2048-4160-A740-79B8DEC8C59E}.Debug|x64.ActiveCfg = Debug|Any CPU
		{731B1250-2048-4160-A740-79B8DEC8C59E}.Debug|x64.Build.0 = Debug|Any CPU
		{731B1250-2048-4160-A740-79B8DEC8C59E}.Debug|x86.ActiveCfg = Debug|Any CPU
		{731B1250-2048-4160-A740-79B8DEC8C59E}.Debug|x86.Build.0 = Debug|Any CPU
		{731B1250-2048-4160-A740-79B8DEC8C59E}.Release|Any CPU.ActiveCfg = Release|Any CPU
		{731B1250-2048-4160-A740-79B8DEC8C59E}.Release|Any CPU.Build.0 = Release|Any CPU
		{731B1250-2048-4160-A740-79B8DEC8C59E}.Release|x64.ActiveCfg = Release|Any CPU
		{731B1250-2048-4160-A740-79B8DEC8C59E}.Release|x64.Build.0 = Release|Any CPU
		{731B1250-2048-4160-A740-79B8DEC8C59E}.Release|x86.ActiveCfg = Release|Any CPU
		{731B1250-2048-4160-A740-79B8DEC8C59E}.Release|x86.Build.0 = Release|Any CPU
		{374F84CE-E8AD-4FB7-A6DA-EEF8C8995BBE}.Debug|Any CPU.ActiveCfg = Debug|Any CPU
		{374F84CE-E8AD-4FB7-A6DA-EEF8C8995BBE}.Debug|Any CPU.Build.0 = Debug|Any CPU
		{374F84CE-E8AD-4FB7-A6DA-EEF8C8995BBE}.Debug|x64.ActiveCfg = Debug|Any CPU
		{374F84CE-E8AD-4FB7-A6DA-EEF8C8995BBE}.Debug|x64.Build.0 = Debug|Any CPU
		{374F84CE-E8AD-4FB7-A6DA-EEF8C8995BBE}.Debug|x86.ActiveCfg = Debug|Any CPU
		{374F84CE-E8AD-4FB7-A6DA-EEF8C8995BBE}.Debug|x86.Build.0 = Debug|Any CPU
		{374F84CE-E8AD-4FB7-A6DA-EEF8C8995BBE}.Release|Any CPU.ActiveCfg = Release|Any CPU
		{374F84CE-E8AD-4FB7-A6DA-EEF8C8995BBE}.Release|Any CPU.Build.0 = Release|Any CPU
		{374F84CE-E8AD-4FB7-A6DA-EEF8C8995BBE}.Release|x64.ActiveCfg = Release|Any CPU
		{374F84CE-E8AD-4FB7-A6DA-EEF8C8995BBE}.Release|x64.Build.0 = Release|Any CPU
		{374F84CE-E8AD-4FB7-A6DA-EEF8C8995BBE}.Release|x86.ActiveCfg = Release|Any CPU
		{374F84CE-E8AD-4FB7-A6DA-EEF8C8995BBE}.Release|x86.Build.0 = Release|Any CPU
		{7C8573E5-CA9D-4EB8-A968-C3D3E07982EF}.Debug|Any CPU.ActiveCfg = Debug|Any CPU
		{7C8573E5-CA9D-4EB8-A968-C3D3E07982EF}.Debug|Any CPU.Build.0 = Debug|Any CPU
		{7C8573E5-CA9D-4EB8-A968-C3D3E07982EF}.Debug|x64.ActiveCfg = Debug|Any CPU
		{7C8573E5-CA9D-4EB8-A968-C3D3E07982EF}.Debug|x64.Build.0 = Debug|Any CPU
		{7C8573E5-CA9D-4EB8-A968-C3D3E07982EF}.Debug|x86.ActiveCfg = Debug|Any CPU
		{7C8573E5-CA9D-4EB8-A968-C3D3E07982EF}.Debug|x86.Build.0 = Debug|Any CPU
		{7C8573E5-CA9D-4EB8-A968-C3D3E07982EF}.Release|Any CPU.ActiveCfg = Release|Any CPU
		{7C8573E5-CA9D-4EB8-A968-C3D3E07982EF}.Release|Any CPU.Build.0 = Release|Any CPU
		{7C8573E5-CA9D-4EB8-A968-C3D3E07982EF}.Release|x64.ActiveCfg = Release|Any CPU
		{7C8573E5-CA9D-4EB8-A968-C3D3E07982EF}.Release|x64.Build.0 = Release|Any CPU
		{7C8573E5-CA9D-4EB8-A968-C3D3E07982EF}.Release|x86.ActiveCfg = Release|Any CPU
		{7C8573E5-CA9D-4EB8-A968-C3D3E07982EF}.Release|x86.Build.0 = Release|Any CPU
		{EC801DCC-6614-4EE7-AF3E-C6DA5ADD8793}.Debug|Any CPU.ActiveCfg = Debug|Any CPU
		{EC801DCC-6614-4EE7-AF3E-C6DA5ADD8793}.Debug|Any CPU.Build.0 = Debug|Any CPU
		{EC801DCC-6614-4EE7-AF3E-C6DA5ADD8793}.Debug|x64.ActiveCfg = Debug|Any CPU
		{EC801DCC-6614-4EE7-AF3E-C6DA5ADD8793}.Debug|x64.Build.0 = Debug|Any CPU
		{EC801DCC-6614-4EE7-AF3E-C6DA5ADD8793}.Debug|x86.ActiveCfg = Debug|Any CPU
		{EC801DCC-6614-4EE7-AF3E-C6DA5ADD8793}.Debug|x86.Build.0 = Debug|Any CPU
		{EC801DCC-6614-4EE7-AF3E-C6DA5ADD8793}.Release|Any CPU.ActiveCfg = Release|Any CPU
		{EC801DCC-6614-4EE7-AF3E-C6DA5ADD8793}.Release|Any CPU.Build.0 = Release|Any CPU
		{EC801DCC-6614-4EE7-AF3E-C6DA5ADD8793}.Release|x64.ActiveCfg = Release|Any CPU
		{EC801DCC-6614-4EE7-AF3E-C6DA5ADD8793}.Release|x64.Build.0 = Release|Any CPU
		{EC801DCC-6614-4EE7-AF3E-C6DA5ADD8793}.Release|x86.ActiveCfg = Release|Any CPU
		{EC801DCC-6614-4EE7-AF3E-C6DA5ADD8793}.Release|x86.Build.0 = Release|Any CPU
	EndGlobalSection
	GlobalSection(SolutionProperties) = preSolution
		HideSolutionNode = FALSE
	EndGlobalSection
	GlobalSection(NestedProjects) = preSolution
		{63882A7C-90E5-DEE3-63BB-E6ABDBC8A365} = {827E0CD3-B72D-47B6-A68D-7590B98EB39B}
		{7B522735-69A2-485B-ABC4-F74D9C885BF4} = {63882A7C-90E5-DEE3-63BB-E6ABDBC8A365}
		{65A64EB8-2DAA-064D-1CCB-CB17F65620F3} = {827E0CD3-B72D-47B6-A68D-7590B98EB39B}
		{D7AAB896-7D55-4D60-840C-622474E6CBBC} = {65A64EB8-2DAA-064D-1CCB-CB17F65620F3}
		{28FF277C-4193-4F64-B6C7-B1B199CFE3A5} = {65A64EB8-2DAA-064D-1CCB-CB17F65620F3}
		{5FC1494C-0D8C-79D1-FFF2-37E95F57AB9F} = {827E0CD3-B72D-47B6-A68D-7590B98EB39B}
		{B4DD4C39-2F93-477D-BB8B-A4FCEAF65A8D} = {5FC1494C-0D8C-79D1-FFF2-37E95F57AB9F}
		{3DB94750-C47A-43D1-96B3-3DFF63BF9E5A} = {65A64EB8-2DAA-064D-1CCB-CB17F65620F3}
		{731B1250-2048-4160-A740-79B8DEC8C59E} = {65A64EB8-2DAA-064D-1CCB-CB17F65620F3}
		{374F84CE-E8AD-4FB7-A6DA-EEF8C8995BBE} = {0AB3BF05-4346-4AA6-1389-037BE0695223}
		{7C8573E5-CA9D-4EB8-A968-C3D3E07982EF} = {0AB3BF05-4346-4AA6-1389-037BE0695223}
		{EC801DCC-6614-4EE7-AF3E-C6DA5ADD8793} = {0AB3BF05-4346-4AA6-1389-037BE0695223}
	EndGlobalSection
EndGlobal
